
Microsoft Visual Studio Solution File, Format Version 12.00
# Visual Studio Version 17
VisualStudioVersion = 17.0.31903.59
MinimumVisualStudioVersion = 10.0.40219.1
Project("{2150E333-8FDC-42A3-9474-1A3956D46DE8}") = "Bootstrapper", "Bootstrapper", "{A9331470-92F8-488C-895E-BCE9D614D774}"
EndProject
Project("{FAE04EC0-301F-11D3-BF4B-00C04F79EFBC}") = "Bootstrapper", "Bootstrapper\Bootstrapper.csproj", "{265C8116-71E0-4450-9285-4EC6EC3DE3B3}"
EndProject
Project("{2150E333-8FDC-42A3-9474-1A3956D46DE8}") = "Shared", "Shared", "{0428C1C8-840B-4FFA-9498-98BDC13A0AB0}"
EndProject
Project("{FAE04EC0-301F-11D3-BF4B-00C04F79EFBC}") = "Shared", "Shared\Shared.csproj", "{374BD875-F578-41A9-A964-D70D55D91CBB}"
EndProject
Project("{2150E333-8FDC-42A3-9474-1A3956D46DE8}") = "Modules", "Modules", "{063384C6-D0BE-4940-935F-8C21A616B541}"
EndProject
Project("{2150E333-8FDC-42A3-9474-1A3956D46DE8}") = "DoctorAvailability", "DoctorAvailability", "{A1560B84-F536-4554-8C38-50F12BAF5E3F}"
EndProject
Project("{2150E333-8FDC-42A3-9474-1A3956D46DE8}") = "Internal", "Internal", "{6608F8E5-72F8-4A7B-A85C-FD77D85FFF78}"
EndProject
Project("{2150E333-8FDC-42A3-9474-1A3956D46DE8}") = "Shared", "Shared", "{C4151272-B008-42E3-830F-0E9AC8788896}"
EndProject
Project("{2150E333-8FDC-42A3-9474-1A3956D46DE8}") = "DoctorAppointmentManagement", "DoctorAppointmentManagement", "{93C97658-8229-4571-A97C-304170DBAE4E}"
EndProject
Project("{2150E333-8FDC-42A3-9474-1A3956D46DE8}") = "AppointmentConfirmation", "AppointmentConfirmation", "{13EE7D63-AB6B-4BFF-8784-CC7D2A4F2B0B}"
EndProject
Project("{2150E333-8FDC-42A3-9474-1A3956D46DE8}") = "AppointmentBooking", "AppointmentBooking", "{526835EE-47D3-45D0-B969-3BC7D29C8332}"
EndProject
Project("{FAE04EC0-301F-11D3-BF4B-00C04F79EFBC}") = "DoctorAvailability.Data", "Modules\DoctorAvailability\Internal\DoctorAvailability.Data\DoctorAvailability.Data.csproj", "{88FEF83C-76F4-4540-BC28-892F24419558}"
EndProject
Project("{FAE04EC0-301F-11D3-BF4B-00C04F79EFBC}") = "DoctorAvailability.Business", "Modules\DoctorAvailability\Internal\DoctorAvailability.Business\DoctorAvailability.Business.csproj", "{D9612BCD-EF39-4A45-9846-C8DB80A2D29C}"
EndProject
Project("{FAE04EC0-301F-11D3-BF4B-00C04F79EFBC}") = "DoctorAvailability.Presentation", "Modules\DoctorAvailability\Internal\DoctorAvailability.Presentation\DoctorAvailability.Presentation.csproj", "{09AC401A-D652-405D-9E2E-60ED0AF0128E}"
EndProject
Project("{FAE04EC0-301F-11D3-BF4B-00C04F79EFBC}") = "DoctorAvailability.Shared", "Modules\DoctorAvailability\Shared\DoctorAvailability.Shared.csproj", "{90543A09-02F8-4CDF-8B2B-C164AA39C5BF}"
EndProject
Project("{2150E333-8FDC-42A3-9474-1A3956D46DE8}") = "Tests", "Tests", "{2E7AE801-4CBD-4A9F-BA95-D50CFEC620DD}"
EndProject
Project("{FAE04EC0-301F-11D3-BF4B-00C04F79EFBC}") = "DoctorAvailability.UnitTests", "Modules\DoctorAvailability\Tests\DoctorAvailability.UnitTests\DoctorAvailability.UnitTests.csproj", "{4A6284BB-D00B-4983-B2B4-E5695D0A81DB}"
EndProject
Project("{2150E333-8FDC-42A3-9474-1A3956D46DE8}") = "Internal", "Internal", "{CBAA82DB-B3DE-4F46-BA89-9099B5FE1660}"
EndProject
Project("{2150E333-8FDC-42A3-9474-1A3956D46DE8}") = "Shared", "Shared", "{FAB82DB7-FE10-4655-8695-3E0C73FD6011}"
EndProject
Project("{2150E333-8FDC-42A3-9474-1A3956D46DE8}") = "Tests", "Tests", "{D038210A-33CC-4662-AF69-FA0D8A779A3F}"
EndProject
Project("{FAE04EC0-301F-11D3-BF4B-00C04F79EFBC}") = "AppointmentBooking.UnitTests", "Modules\AppointmentBooking\Tests\AppointmentBooking.UnitTests\AppointmentBooking.UnitTests.csproj", "{6557C8B1-6A45-4C4D-AD2F-10ED6BC16846}"
EndProject
Project("{FAE04EC0-301F-11D3-BF4B-00C04F79EFBC}") = "AppointmentBooking.Shared", "Modules\AppointmentBooking\Shared\AppointmentBooking.Shared\AppointmentBooking.Shared.csproj", "{7414B395-866A-4BD0-A1C6-C32AAC0D1610}"
EndProject
Project("{FAE04EC0-301F-11D3-BF4B-00C04F79EFBC}") = "AppointmentBooking.Domain", "Modules\AppointmentBooking\Internal\AppointmentBooking.Domain\AppointmentBooking.Domain.csproj", "{90AA8C67-8E1F-47DA-BE98-FE8FC79F8AD4}"
EndProject
Project("{FAE04EC0-301F-11D3-BF4B-00C04F79EFBC}") = "AppointmentBooking.Web", "Modules\AppointmentBooking\Internal\AppointmentBooking.Web\AppointmentBooking.Web.csproj", "{A34196D4-9765-422C-8167-F40A8F50DC12}"
EndProject
Project("{FAE04EC0-301F-11D3-BF4B-00C04F79EFBC}") = "AppointmentBooking.Application", "Modules\AppointmentBooking\Internal\AppointmentBooking.Application\AppointmentBooking.Application.csproj", "{51D9C28B-FE2C-4AAF-89A7-A816A462B21C}"
EndProject
Project("{FAE04EC0-301F-11D3-BF4B-00C04F79EFBC}") = "AppointmentBooking.Infrastructure", "Modules\AppointmentBooking\Internal\AppointmentBooking.Infrastructure\AppointmentBooking.Infrastructure.csproj", "{2CE6CEDF-53A4-4713-95E2-09A2C722D593}"
EndProject
Global
	GlobalSection(SolutionConfigurationPlatforms) = preSolution
		Debug|Any CPU = Debug|Any CPU
		Release|Any CPU = Release|Any CPU
	EndGlobalSection
	GlobalSection(ProjectConfigurationPlatforms) = postSolution
		{265C8116-71E0-4450-9285-4EC6EC3DE3B3}.Debug|Any CPU.ActiveCfg = Debug|Any CPU
		{265C8116-71E0-4450-9285-4EC6EC3DE3B3}.Debug|Any CPU.Build.0 = Debug|Any CPU
		{265C8116-71E0-4450-9285-4EC6EC3DE3B3}.Release|Any CPU.ActiveCfg = Release|Any CPU
		{265C8116-71E0-4450-9285-4EC6EC3DE3B3}.Release|Any CPU.Build.0 = Release|Any CPU
		{374BD875-F578-41A9-A964-D70D55D91CBB}.Debug|Any CPU.ActiveCfg = Debug|Any CPU
		{374BD875-F578-41A9-A964-D70D55D91CBB}.Debug|Any CPU.Build.0 = Debug|Any CPU
		{374BD875-F578-41A9-A964-D70D55D91CBB}.Release|Any CPU.ActiveCfg = Release|Any CPU
		{374BD875-F578-41A9-A964-D70D55D91CBB}.Release|Any CPU.Build.0 = Release|Any CPU
		{88FEF83C-76F4-4540-BC28-892F24419558}.Debug|Any CPU.ActiveCfg = Debug|Any CPU
		{88FEF83C-76F4-4540-BC28-892F24419558}.Debug|Any CPU.Build.0 = Debug|Any CPU
		{88FEF83C-76F4-4540-BC28-892F24419558}.Release|Any CPU.ActiveCfg = Release|Any CPU
		{88FEF83C-76F4-4540-BC28-892F24419558}.Release|Any CPU.Build.0 = Release|Any CPU
		{D9612BCD-EF39-4A45-9846-C8DB80A2D29C}.Debug|Any CPU.ActiveCfg = Debug|Any CPU
		{D9612BCD-EF39-4A45-9846-C8DB80A2D29C}.Debug|Any CPU.Build.0 = Debug|Any CPU
		{D9612BCD-EF39-4A45-9846-C8DB80A2D29C}.Release|Any CPU.ActiveCfg = Release|Any CPU
		{D9612BCD-EF39-4A45-9846-C8DB80A2D29C}.Release|Any CPU.Build.0 = Release|Any CPU
		{09AC401A-D652-405D-9E2E-60ED0AF0128E}.Debug|Any CPU.ActiveCfg = Debug|Any CPU
		{09AC401A-D652-405D-9E2E-60ED0AF0128E}.Debug|Any CPU.Build.0 = Debug|Any CPU
		{09AC401A-D652-405D-9E2E-60ED0AF0128E}.Release|Any CPU.ActiveCfg = Release|Any CPU
		{09AC401A-D652-405D-9E2E-60ED0AF0128E}.Release|Any CPU.Build.0 = Release|Any CPU
		{90543A09-02F8-4CDF-8B2B-C164AA39C5BF}.Debug|Any CPU.ActiveCfg = Debug|Any CPU
		{90543A09-02F8-4CDF-8B2B-C164AA39C5BF}.Debug|Any CPU.Build.0 = Debug|Any CPU
		{90543A09-02F8-4CDF-8B2B-C164AA39C5BF}.Release|Any CPU.ActiveCfg = Release|Any CPU
		{90543A09-02F8-4CDF-8B2B-C164AA39C5BF}.Release|Any CPU.Build.0 = Release|Any CPU
		{4A6284BB-D00B-4983-B2B4-E5695D0A81DB}.Debug|Any CPU.ActiveCfg = Debug|Any CPU
		{4A6284BB-D00B-4983-B2B4-E5695D0A81DB}.Debug|Any CPU.Build.0 = Debug|Any CPU
		{4A6284BB-D00B-4983-B2B4-E5695D0A81DB}.Release|Any CPU.ActiveCfg = Release|Any CPU
		{4A6284BB-D00B-4983-B2B4-E5695D0A81DB}.Release|Any CPU.Build.0 = Release|Any CPU
		{6557C8B1-6A45-4C4D-AD2F-10ED6BC16846}.Debug|Any CPU.ActiveCfg = Debug|Any CPU
		{6557C8B1-6A45-4C4D-AD2F-10ED6BC16846}.Debug|Any CPU.Build.0 = Debug|Any CPU
		{6557C8B1-6A45-4C4D-AD2F-10ED6BC16846}.Release|Any CPU.ActiveCfg = Release|Any CPU
		{6557C8B1-6A45-4C4D-AD2F-10ED6BC16846}.Release|Any CPU.Build.0 = Release|Any CPU
		{7414B395-866A-4BD0-A1C6-C32AAC0D1610}.Debug|Any CPU.ActiveCfg = Debug|Any CPU
		{7414B395-866A-4BD0-A1C6-C32AAC0D1610}.Debug|Any CPU.Build.0 = Debug|Any CPU
		{7414B395-866A-4BD0-A1C6-C32AAC0D1610}.Release|Any CPU.ActiveCfg = Release|Any CPU
		{7414B395-866A-4BD0-A1C6-C32AAC0D1610}.Release|Any CPU.Build.0 = Release|Any CPU
		{90AA8C67-8E1F-47DA-BE98-FE8FC79F8AD4}.Debug|Any CPU.ActiveCfg = Debug|Any CPU
		{90AA8C67-8E1F-47DA-BE98-FE8FC79F8AD4}.Debug|Any CPU.Build.0 = Debug|Any CPU
		{90AA8C67-8E1F-47DA-BE98-FE8FC79F8AD4}.Release|Any CPU.ActiveCfg = Release|Any CPU
		{90AA8C67-8E1F-47DA-BE98-FE8FC79F8AD4}.Release|Any CPU.Build.0 = Release|Any CPU
		{A34196D4-9765-422C-8167-F40A8F50DC12}.Debug|Any CPU.ActiveCfg = Debug|Any CPU
		{A34196D4-9765-422C-8167-F40A8F50DC12}.Debug|Any CPU.Build.0 = Debug|Any CPU
		{A34196D4-9765-422C-8167-F40A8F50DC12}.Release|Any CPU.ActiveCfg = Release|Any CPU
		{A34196D4-9765-422C-8167-F40A8F50DC12}.Release|Any CPU.Build.0 = Release|Any CPU
		{51D9C28B-FE2C-4AAF-89A7-A816A462B21C}.Debug|Any CPU.ActiveCfg = Debug|Any CPU
		{51D9C28B-FE2C-4AAF-89A7-A816A462B21C}.Debug|Any CPU.Build.0 = Debug|Any CPU
		{51D9C28B-FE2C-4AAF-89A7-A816A462B21C}.Release|Any CPU.ActiveCfg = Release|Any CPU
		{51D9C28B-FE2C-4AAF-89A7-A816A462B21C}.Release|Any CPU.Build.0 = Release|Any CPU
		{2CE6CEDF-53A4-4713-95E2-09A2C722D593}.Debug|Any CPU.ActiveCfg = Debug|Any CPU
		{2CE6CEDF-53A4-4713-95E2-09A2C722D593}.Debug|Any CPU.Build.0 = Debug|Any CPU
		{2CE6CEDF-53A4-4713-95E2-09A2C722D593}.Release|Any CPU.ActiveCfg = Release|Any CPU
		{2CE6CEDF-53A4-4713-95E2-09A2C722D593}.Release|Any CPU.Build.0 = Release|Any CPU
	EndGlobalSection
	GlobalSection(SolutionProperties) = preSolution
		HideSolutionNode = FALSE
	EndGlobalSection
	GlobalSection(NestedProjects) = preSolution
		{265C8116-71E0-4450-9285-4EC6EC3DE3B3} = {A9331470-92F8-488C-895E-BCE9D614D774}
		{374BD875-F578-41A9-A964-D70D55D91CBB} = {0428C1C8-840B-4FFA-9498-98BDC13A0AB0}
		{A1560B84-F536-4554-8C38-50F12BAF5E3F} = {063384C6-D0BE-4940-935F-8C21A616B541}
		{6608F8E5-72F8-4A7B-A85C-FD77D85FFF78} = {A1560B84-F536-4554-8C38-50F12BAF5E3F}
		{C4151272-B008-42E3-830F-0E9AC8788896} = {A1560B84-F536-4554-8C38-50F12BAF5E3F}
		{93C97658-8229-4571-A97C-304170DBAE4E} = {063384C6-D0BE-4940-935F-8C21A616B541}
		{13EE7D63-AB6B-4BFF-8784-CC7D2A4F2B0B} = {063384C6-D0BE-4940-935F-8C21A616B541}
		{526835EE-47D3-45D0-B969-3BC7D29C8332} = {063384C6-D0BE-4940-935F-8C21A616B541}
		{88FEF83C-76F4-4540-BC28-892F24419558} = {6608F8E5-72F8-4A7B-A85C-FD77D85FFF78}
		{D9612BCD-EF39-4A45-9846-C8DB80A2D29C} = {6608F8E5-72F8-4A7B-A85C-FD77D85FFF78}
		{09AC401A-D652-405D-9E2E-60ED0AF0128E} = {6608F8E5-72F8-4A7B-A85C-FD77D85FFF78}
		{90543A09-02F8-4CDF-8B2B-C164AA39C5BF} = {C4151272-B008-42E3-830F-0E9AC8788896}
		{2E7AE801-4CBD-4A9F-BA95-D50CFEC620DD} = {A1560B84-F536-4554-8C38-50F12BAF5E3F}
		{4A6284BB-D00B-4983-B2B4-E5695D0A81DB} = {2E7AE801-4CBD-4A9F-BA95-D50CFEC620DD}
		{CBAA82DB-B3DE-4F46-BA89-9099B5FE1660} = {526835EE-47D3-45D0-B969-3BC7D29C8332}
		{FAB82DB7-FE10-4655-8695-3E0C73FD6011} = {526835EE-47D3-45D0-B969-3BC7D29C8332}
		{D038210A-33CC-4662-AF69-FA0D8A779A3F} = {526835EE-47D3-45D0-B969-3BC7D29C8332}
		{6557C8B1-6A45-4C4D-AD2F-10ED6BC16846} = {D038210A-33CC-4662-AF69-FA0D8A779A3F}
		{7414B395-866A-4BD0-A1C6-C32AAC0D1610} = {FAB82DB7-FE10-4655-8695-3E0C73FD6011}
		{90AA8C67-8E1F-47DA-BE98-FE8FC79F8AD4} = {CBAA82DB-B3DE-4F46-BA89-9099B5FE1660}
		{A34196D4-9765-422C-8167-F40A8F50DC12} = {CBAA82DB-B3DE-4F46-BA89-9099B5FE1660}
		{51D9C28B-FE2C-4AAF-89A7-A816A462B21C} = {CBAA82DB-B3DE-4F46-BA89-9099B5FE1660}
		{2CE6CEDF-53A4-4713-95E2-09A2C722D593} = {CBAA82DB-B3DE-4F46-BA89-9099B5FE1660}
	EndGlobalSection
EndGlobal
